
Microsoft Visual Studio Solution File, Format Version 12.00
# Visual Studio Version 17
VisualStudioVersion = 17.2.32616.157
MinimumVisualStudioVersion = 10.0.40219.1
Project("{FAE04EC0-301F-11D3-BF4B-00C04F79EFBC}") = "POS Backend", "POS Backend\POS Backend.csproj", "{B39062A0-540B-45F9-BBEC-C90A215C81B1}"
EndProject
Global
	GlobalSection(SolutionConfigurationPlatforms) = preSolution
		Debug|Any CPU = Debug|Any CPU
		Release|Any CPU = Release|Any CPU
	EndGlobalSection
	GlobalSection(ProjectConfigurationPlatforms) = postSolution
		{B39062A0-540B-45F9-BBEC-C90A215C81B1}.Debug|Any CPU.ActiveCfg = Debug|Any CPU
		{B39062A0-540B-45F9-BBEC-C90A215C81B1}.Debug|Any CPU.Build.0 = Debug|Any CPU
		{B39062A0-540B-45F9-BBEC-C90A215C81B1}.Release|Any CPU.ActiveCfg = Release|Any CPU
		{B39062A0-540B-45F9-BBEC-C90A215C81B1}.Release|Any CPU.Build.0 = Release|Any CPU
	EndGlobalSection
	GlobalSection(SolutionProperties) = preSolution
		HideSolutionNode = FALSE
	EndGlobalSection
	GlobalSection(ExtensibilityGlobals) = postSolution
		SolutionGuid = {F16CDF2A-B648-4B6D-BCE3-C466FF95CAF7}
	EndGlobalSection
EndGlobal
